
Microsoft Visual Studio Solution File, Format Version 12.00
# Visual Studio Version 17
VisualStudioVersion = 17.2.32630.192
MinimumVisualStudioVersion = 10.0.40219.1
Project("{9A19103F-16F7-4668-BE54-9A1E7A4F7556}") = "R5T.F0108.Construction", "R5T.F0108.Construction\R5T.F0108.Construction.csproj", "{A7911F33-0183-4145-8838-BF5C1C2DAE4C}"
EndProject
Project("{9A19103F-16F7-4668-BE54-9A1E7A4F7556}") = "R5T.F0108", "R5T.F0108\R5T.F0108.csproj", "{D7B4131C-F807-4506-A236-A8A30C900C3B}"
EndProject
Project("{2150E333-8FDC-42A3-9474-1A3956D46DE8}") = "_Dependencies", "_Dependencies", "{B735BF04-171B-4C85-84E0-AA4E57470E0A}"
EndProject
Project("{9A19103F-16F7-4668-BE54-9A1E7A4F7556}") = "R5T.T0132", "..\..\R5T.T0132\source\R5T.T0132\R5T.T0132.csproj", "{707CB76C-977C-42B2-8BFD-FFC36D3CD660}"
EndProject
Project("{9A19103F-16F7-4668-BE54-9A1E7A4F7556}") = "R5T.T0143", "..\..\R5T.T0143\source\R5T.T0143\R5T.T0143.csproj", "{CB654340-094E-4FEE-81A9-0B64FAC5CEB4}"
EndProject
Project("{9A19103F-16F7-4668-BE54-9A1E7A4F7556}") = "R5T.F0108.T000", "R5T.F0108.T000\R5T.F0108.T000.csproj", "{FA978F20-EE63-4833-9202-6F685257AE39}"
EndProject
Project("{9A19103F-16F7-4668-BE54-9A1E7A4F7556}") = "R5T.F0000", "..\..\R5T.F0000\source\R5T.F0000\R5T.F0000.csproj", "{356E8F82-0FF9-4134-B241-A5F38B326B4D}"
EndProject
Project("{9A19103F-16F7-4668-BE54-9A1E7A4F7556}") = "R5T.T0131", "..\..\R5T.T0131\source\R5T.T0131\R5T.T0131.csproj", "{16BC71DB-6F02-4D16-AAA8-F8ADD70C1F69}"
EndProject
Project("{9A19103F-16F7-4668-BE54-9A1E7A4F7556}") = "R5T.T0142", "..\..\R5T.T0142\source\R5T.T0142\R5T.T0142.csproj", "{7C432254-E7D8-47D6-A0AC-88196ED8D6F1}"
EndProject
Project("{9A19103F-16F7-4668-BE54-9A1E7A4F7556}") = "R5T.T0156", "..\..\R5T.T0156\source\R5T.T0156\R5T.T0156.csproj", "{3E2160F6-5FFD-4F21-AFAA-F05D2F7C732B}"
EndProject
Project("{9A19103F-16F7-4668-BE54-9A1E7A4F7556}") = "R5T.Y0000", "..\..\R5T.Y0000\source\R5T.Y0000\R5T.Y0000.csproj", "{9BF7B5A9-C149-4109-B4BA-18BC301230BA}"
EndProject
Project("{9A19103F-16F7-4668-BE54-9A1E7A4F7556}") = "R5T.Z0000", "..\..\R5T.Z0000\source\R5T.Z0000\R5T.Z0000.csproj", "{C7DCDFF8-B340-4BFF-AF46-69329F0BEFBD}"
EndProject
Project("{9A19103F-16F7-4668-BE54-9A1E7A4F7556}") = "R5T.F0108.T001", "R5T.F0108.T001\R5T.F0108.T001.csproj", "{0D418470-B4FC-4A4D-97E9-83E0A086BCFA}"
EndProject
Project("{9A19103F-16F7-4668-BE54-9A1E7A4F7556}") = "R5T.T0150", "..\..\R5T.T0150\source\R5T.T0150\R5T.T0150.csproj", "{947D72E4-7BF1-4A1C-9734-4DAACF22806B}"
EndProject
Project("{9A19103F-16F7-4668-BE54-9A1E7A4F7556}") = "R5T.T0151", "..\..\R5T.T0151\source\R5T.T0151\R5T.T0151.csproj", "{913DEE8C-7DBA-4A33-A333-7E660C3121AE}"
EndProject
Project("{9A19103F-16F7-4668-BE54-9A1E7A4F7556}") = "R5T.F0108.Z000", "R5T.F0108.Z000\R5T.F0108.Z000.csproj", "{FA787BA3-7157-4036-A253-E72F728E1352}"
EndProject
Project("{9A19103F-16F7-4668-BE54-9A1E7A4F7556}") = "R5T.F0044", "..\..\R5T.F0044\source\R5T.F0044\R5T.F0044.csproj", "{9A841709-78AC-4674-8BAC-44B6255F52C4}"
EndProject
Project("{9A19103F-16F7-4668-BE54-9A1E7A4F7556}") = "R5T.F0002", "..\..\R5T.F0002\source\R5T.F0002\R5T.F0002.csproj", "{1C58BB06-D01D-4F13-B2E1-A9EF4BC5B97D}"
EndProject
Project("{9A19103F-16F7-4668-BE54-9A1E7A4F7556}") = "R5T.L0053", "..\..\R5T.L0053\source\R5T.L0053\R5T.L0053.csproj", "{8AF49D54-7C29-42F9-AAD5-4983AA3D91AE}"
EndProject
Project("{9A19103F-16F7-4668-BE54-9A1E7A4F7556}") = "R5T.L0066", "..\..\R5T.L0066\source\R5T.L0066\R5T.L0066.csproj", "{EFBCEAF5-06E0-4EF0-95E2-C958FECCC30F}"
EndProject
Project("{9A19103F-16F7-4668-BE54-9A1E7A4F7556}") = "R5T.T0221", "..\..\R5T.T0221\source\R5T.T0221\R5T.T0221.csproj", "{ECBE327E-02E3-4DF4-B1DA-43277DD0A0AD}"
EndProject
Project("{9A19103F-16F7-4668-BE54-9A1E7A4F7556}") = "R5T.Y0006", "..\..\R5T.Y0006\source\R5T.Y0006\R5T.Y0006.csproj", "{5E772FFC-FC89-4BAA-AA55-95DE67C35306}"
EndProject
Project("{9A19103F-16F7-4668-BE54-9A1E7A4F7556}") = "R5T.Z0010.Platform", "..\..\R5T.Z0010\source\R5T.Z0010.Platform\R5T.Z0010.Platform.csproj", "{573C776F-7E6A-4405-82FE-C8A784C4FCFF}"
EndProject
Global
	GlobalSection(NestedProjects) = preSolution
		{707CB76C-977C-42B2-8BFD-FFC36D3CD660} = {B735BF04-171B-4C85-84E0-AA4E57470E0A}
		{CB654340-094E-4FEE-81A9-0B64FAC5CEB4} = {B735BF04-171B-4C85-84E0-AA4E57470E0A}
		{356E8F82-0FF9-4134-B241-A5F38B326B4D} = {B735BF04-171B-4C85-84E0-AA4E57470E0A}
		{16BC71DB-6F02-4D16-AAA8-F8ADD70C1F69} = {B735BF04-171B-4C85-84E0-AA4E57470E0A}
		{7C432254-E7D8-47D6-A0AC-88196ED8D6F1} = {B735BF04-171B-4C85-84E0-AA4E57470E0A}
		{3E2160F6-5FFD-4F21-AFAA-F05D2F7C732B} = {B735BF04-171B-4C85-84E0-AA4E57470E0A}
		{9BF7B5A9-C149-4109-B4BA-18BC301230BA} = {B735BF04-171B-4C85-84E0-AA4E57470E0A}
		{C7DCDFF8-B340-4BFF-AF46-69329F0BEFBD} = {B735BF04-171B-4C85-84E0-AA4E57470E0A}
		{947D72E4-7BF1-4A1C-9734-4DAACF22806B} = {B735BF04-171B-4C85-84E0-AA4E57470E0A}
		{913DEE8C-7DBA-4A33-A333-7E660C3121AE} = {B735BF04-171B-4C85-84E0-AA4E57470E0A}
		{9A841709-78AC-4674-8BAC-44B6255F52C4} = {B735BF04-171B-4C85-84E0-AA4E57470E0A}
		{1C58BB06-D01D-4F13-B2E1-A9EF4BC5B97D} = {B735BF04-171B-4C85-84E0-AA4E57470E0A}
		{8AF49D54-7C29-42F9-AAD5-4983AA3D91AE} = {B735BF04-171B-4C85-84E0-AA4E57470E0A}
		{EFBCEAF5-06E0-4EF0-95E2-C958FECCC30F} = {B735BF04-171B-4C85-84E0-AA4E57470E0A}
		{ECBE327E-02E3-4DF4-B1DA-43277DD0A0AD} = {B735BF04-171B-4C85-84E0-AA4E57470E0A}
		{5E772FFC-FC89-4BAA-AA55-95DE67C35306} = {B735BF04-171B-4C85-84E0-AA4E57470E0A}
		{573C776F-7E6A-4405-82FE-C8A784C4FCFF} = {B735BF04-171B-4C85-84E0-AA4E57470E0A}
	EndGlobalSection
	GlobalSection(SolutionConfigurationPlatforms) = preSolution
		Debug|Any CPU = Debug|Any CPU
		Release|Any CPU = Release|Any CPU
	EndGlobalSection
	GlobalSection(ProjectConfigurationPlatforms) = postSolution
		{A7911F33-0183-4145-8838-BF5C1C2DAE4C}.Debug|Any CPU.ActiveCfg = Debug|Any CPU
		{A7911F33-0183-4145-8838-BF5C1C2DAE4C}.Debug|Any CPU.Build.0 = Debug|Any CPU
		{A7911F33-0183-4145-8838-BF5C1C2DAE4C}.Release|Any CPU.ActiveCfg = Release|Any CPU
		{A7911F33-0183-4145-8838-BF5C1C2DAE4C}.Release|Any CPU.Build.0 = Release|Any CPU
		{D7B4131C-F807-4506-A236-A8A30C900C3B}.Debug|Any CPU.ActiveCfg = Debug|Any CPU
		{D7B4131C-F807-4506-A236-A8A30C900C3B}.Debug|Any CPU.Build.0 = Debug|Any CPU
		{D7B4131C-F807-4506-A236-A8A30C900C3B}.Release|Any CPU.ActiveCfg = Release|Any CPU
		{D7B4131C-F807-4506-A236-A8A30C900C3B}.Release|Any CPU.Build.0 = Release|Any CPU
		{707CB76C-977C-42B2-8BFD-FFC36D3CD660}.Debug|Any CPU.ActiveCfg = Debug|Any CPU
		{707CB76C-977C-42B2-8BFD-FFC36D3CD660}.Debug|Any CPU.Build.0 = Debug|Any CPU
		{707CB76C-977C-42B2-8BFD-FFC36D3CD660}.Release|Any CPU.ActiveCfg = Release|Any CPU
		{707CB76C-977C-42B2-8BFD-FFC36D3CD660}.Release|Any CPU.Build.0 = Release|Any CPU
		{CB654340-094E-4FEE-81A9-0B64FAC5CEB4}.Debug|Any CPU.ActiveCfg = Debug|Any CPU
		{CB654340-094E-4FEE-81A9-0B64FAC5CEB4}.Debug|Any CPU.Build.0 = Debug|Any CPU
		{CB654340-094E-4FEE-81A9-0B64FAC5CEB4}.Release|Any CPU.ActiveCfg = Release|Any CPU
		{CB654340-094E-4FEE-81A9-0B64FAC5CEB4}.Release|Any CPU.Build.0 = Release|Any CPU
		{FA978F20-EE63-4833-9202-6F685257AE39}.Debug|Any CPU.ActiveCfg = Debug|Any CPU
		{FA978F20-EE63-4833-9202-6F685257AE39}.Debug|Any CPU.Build.0 = Debug|Any CPU
		{FA978F20-EE63-4833-9202-6F685257AE39}.Release|Any CPU.ActiveCfg = Release|Any CPU
		{FA978F20-EE63-4833-9202-6F685257AE39}.Release|Any CPU.Build.0 = Release|Any CPU
		{356E8F82-0FF9-4134-B241-A5F38B326B4D}.Debug|Any CPU.ActiveCfg = Debug|Any CPU
		{356E8F82-0FF9-4134-B241-A5F38B326B4D}.Debug|Any CPU.Build.0 = Debug|Any CPU
		{356E8F82-0FF9-4134-B241-A5F38B326B4D}.Release|Any CPU.ActiveCfg = Release|Any CPU
		{356E8F82-0FF9-4134-B241-A5F38B326B4D}.Release|Any CPU.Build.0 = Release|Any CPU
		{16BC71DB-6F02-4D16-AAA8-F8ADD70C1F69}.Debug|Any CPU.ActiveCfg = Debug|Any CPU
		{16BC71DB-6F02-4D16-AAA8-F8ADD70C1F69}.Debug|Any CPU.Build.0 = Debug|Any CPU
		{16BC71DB-6F02-4D16-AAA8-F8ADD70C1F69}.Release|Any CPU.ActiveCfg = Release|Any CPU
		{16BC71DB-6F02-4D16-AAA8-F8ADD70C1F69}.Release|Any CPU.Build.0 = Release|Any CPU
		{7C432254-E7D8-47D6-A0AC-88196ED8D6F1}.Debug|Any CPU.ActiveCfg = Debug|Any CPU
		{7C432254-E7D8-47D6-A0AC-88196ED8D6F1}.Debug|Any CPU.Build.0 = Debug|Any CPU
		{7C432254-E7D8-47D6-A0AC-88196ED8D6F1}.Release|Any CPU.ActiveCfg = Release|Any CPU
		{7C432254-E7D8-47D6-A0AC-88196ED8D6F1}.Release|Any CPU.Build.0 = Release|Any CPU
		{3E2160F6-5FFD-4F21-AFAA-F05D2F7C732B}.Debug|Any CPU.ActiveCfg = Debug|Any CPU
		{3E2160F6-5FFD-4F21-AFAA-F05D2F7C732B}.Debug|Any CPU.Build.0 = Debug|Any CPU
		{3E2160F6-5FFD-4F21-AFAA-F05D2F7C732B}.Release|Any CPU.ActiveCfg = Release|Any CPU
		{3E2160F6-5FFD-4F21-AFAA-F05D2F7C732B}.Release|Any CPU.Build.0 = Release|Any CPU
		{9BF7B5A9-C149-4109-B4BA-18BC301230BA}.Debug|Any CPU.ActiveCfg = Debug|Any CPU
		{9BF7B5A9-C149-4109-B4BA-18BC301230BA}.Debug|Any CPU.Build.0 = Debug|Any CPU
		{9BF7B5A9-C149-4109-B4BA-18BC301230BA}.Release|Any CPU.ActiveCfg = Release|Any CPU
		{9BF7B5A9-C149-4109-B4BA-18BC301230BA}.Release|Any CPU.Build.0 = Release|Any CPU
		{C7DCDFF8-B340-4BFF-AF46-69329F0BEFBD}.Debug|Any CPU.ActiveCfg = Debug|Any CPU
		{C7DCDFF8-B340-4BFF-AF46-69329F0BEFBD}.Debug|Any CPU.Build.0 = Debug|Any CPU
		{C7DCDFF8-B340-4BFF-AF46-69329F0BEFBD}.Release|Any CPU.ActiveCfg = Release|Any CPU
		{C7DCDFF8-B340-4BFF-AF46-69329F0BEFBD}.Release|Any CPU.Build.0 = Release|Any CPU
		{0D418470-B4FC-4A4D-97E9-83E0A086BCFA}.Debug|Any CPU.ActiveCfg = Debug|Any CPU
		{0D418470-B4FC-4A4D-97E9-83E0A086BCFA}.Debug|Any CPU.Build.0 = Debug|Any CPU
		{0D418470-B4FC-4A4D-97E9-83E0A086BCFA}.Release|Any CPU.ActiveCfg = Release|Any CPU
		{0D418470-B4FC-4A4D-97E9-83E0A086BCFA}.Release|Any CPU.Build.0 = Release|Any CPU
		{947D72E4-7BF1-4A1C-9734-4DAACF22806B}.Debug|Any CPU.ActiveCfg = Debug|Any CPU
		{947D72E4-7BF1-4A1C-9734-4DAACF22806B}.Debug|Any CPU.Build.0 = Debug|Any CPU
		{947D72E4-7BF1-4A1C-9734-4DAACF22806B}.Release|Any CPU.ActiveCfg = Release|Any CPU
		{947D72E4-7BF1-4A1C-9734-4DAACF22806B}.Release|Any CPU.Build.0 = Release|Any CPU
		{913DEE8C-7DBA-4A33-A333-7E660C3121AE}.Debug|Any CPU.ActiveCfg = Debug|Any CPU
		{913DEE8C-7DBA-4A33-A333-7E660C3121AE}.Debug|Any CPU.Build.0 = Debug|Any CPU
		{913DEE8C-7DBA-4A33-A333-7E660C3121AE}.Release|Any CPU.ActiveCfg = Release|Any CPU
		{913DEE8C-7DBA-4A33-A333-7E660C3121AE}.Release|Any CPU.Build.0 = Release|Any CPU
		{FA787BA3-7157-4036-A253-E72F728E1352}.Debug|Any CPU.ActiveCfg = Debug|Any CPU
		{FA787BA3-7157-4036-A253-E72F728E1352}.Debug|Any CPU.Build.0 = Debug|Any CPU
		{FA787BA3-7157-4036-A253-E72F728E1352}.Release|Any CPU.ActiveCfg = Release|Any CPU
		{FA787BA3-7157-4036-A253-E72F728E1352}.Release|Any CPU.Build.0 = Release|Any CPU
		{9A841709-78AC-4674-8BAC-44B6255F52C4}.Debug|Any CPU.ActiveCfg = Debug|Any CPU
		{9A841709-78AC-4674-8BAC-44B6255F52C4}.Debug|Any CPU.Build.0 = Debug|Any CPU
		{9A841709-78AC-4674-8BAC-44B6255F52C4}.Release|Any CPU.ActiveCfg = Release|Any CPU
		{9A841709-78AC-4674-8BAC-44B6255F52C4}.Release|Any CPU.Build.0 = Release|Any CPU
		{1C58BB06-D01D-4F13-B2E1-A9EF4BC5B97D}.Debug|Any CPU.ActiveCfg = Debug|Any CPU
		{1C58BB06-D01D-4F13-B2E1-A9EF4BC5B97D}.Debug|Any CPU.Build.0 = Debug|Any CPU
		{1C58BB06-D01D-4F13-B2E1-A9EF4BC5B97D}.Release|Any CPU.ActiveCfg = Release|Any CPU
		{1C58BB06-D01D-4F13-B2E1-A9EF4BC5B97D}.Release|Any CPU.Build.0 = Release|Any CPU
		{8AF49D54-7C29-42F9-AAD5-4983AA3D91AE}.Debug|Any CPU.ActiveCfg = Debug|Any CPU
		{8AF49D54-7C29-42F9-AAD5-4983AA3D91AE}.Debug|Any CPU.Build.0 = Debug|Any CPU
		{8AF49D54-7C29-42F9-AAD5-4983AA3D91AE}.Release|Any CPU.ActiveCfg = Release|Any CPU
		{8AF49D54-7C29-42F9-AAD5-4983AA3D91AE}.Release|Any CPU.Build.0 = Release|Any CPU
		{EFBCEAF5-06E0-4EF0-95E2-C958FECCC30F}.Debug|Any CPU.ActiveCfg = Debug|Any CPU
		{EFBCEAF5-06E0-4EF0-95E2-C958FECCC30F}.Debug|Any CPU.Build.0 = Debug|Any CPU
		{EFBCEAF5-06E0-4EF0-95E2-C958FECCC30F}.Release|Any CPU.ActiveCfg = Release|Any CPU
		{EFBCEAF5-06E0-4EF0-95E2-C958FECCC30F}.Release|Any CPU.Build.0 = Release|Any CPU
		{ECBE327E-02E3-4DF4-B1DA-43277DD0A0AD}.Debug|Any CPU.ActiveCfg = Debug|Any CPU
		{ECBE327E-02E3-4DF4-B1DA-43277DD0A0AD}.Debug|Any CPU.Build.0 = Debug|Any CPU
		{ECBE327E-02E3-4DF4-B1DA-43277DD0A0AD}.Release|Any CPU.ActiveCfg = Release|Any CPU
		{ECBE327E-02E3-4DF4-B1DA-43277DD0A0AD}.Release|Any CPU.Build.0 = Release|Any CPU
		{5E772FFC-FC89-4BAA-AA55-95DE67C35306}.Debug|Any CPU.ActiveCfg = Debug|Any CPU
		{5E772FFC-FC89-4BAA-AA55-95DE67C35306}.Debug|Any CPU.Build.0 = Debug|Any CPU
		{5E772FFC-FC89-4BAA-AA55-95DE67C35306}.Release|Any CPU.ActiveCfg = Release|Any CPU
		{5E772FFC-FC89-4BAA-AA55-95DE67C35306}.Release|Any CPU.Build.0 = Release|Any CPU
		{573C776F-7E6A-4405-82FE-C8A784C4FCFF}.Debug|Any CPU.ActiveCfg = Debug|Any CPU
		{573C776F-7E6A-4405-82FE-C8A784C4FCFF}.Debug|Any CPU.Build.0 = Debug|Any CPU
		{573C776F-7E6A-4405-82FE-C8A784C4FCFF}.Release|Any CPU.ActiveCfg = Release|Any CPU
		{573C776F-7E6A-4405-82FE-C8A784C4FCFF}.Release|Any CPU.Build.0 = Release|Any CPU
	EndGlobalSection
	GlobalSection(SolutionProperties) = preSolution
		HideSolutionNode = FALSE
	EndGlobalSection
	GlobalSection(ExtensibilityGlobals) = postSolution
		SolutionGuid = {089B8809-9BD9-4623-99D7-E8651074C399}
	EndGlobalSection
EndGlobal
